
Microsoft Visual Studio Solution File, Format Version 12.00
# Visual Studio Version 16
VisualStudioVersion = 16.0.31105.61
MinimumVisualStudioVersion = 10.0.40219.1
Project("{FAE04EC0-301F-11D3-BF4B-00C04F79EFBC}") = "SieveEratosthenes", "SieveEratosthenes.csproj", "{0E695480-8F95-41B6-A787-9DE4C79D832C}"
EndProject
Global
	GlobalSection(SolutionConfigurationPlatforms) = preSolution
		Debug|Any CPU = Debug|Any CPU
		Release|Any CPU = Release|Any CPU
	EndGlobalSection
	GlobalSection(ProjectConfigurationPlatforms) = postSolution
		{0E695480-8F95-41B6-A787-9DE4C79D832C}.Debug|Any CPU.ActiveCfg = Debug|Any CPU
		{0E695480-8F95-41B6-A787-9DE4C79D832C}.Debug|Any CPU.Build.0 = Debug|Any CPU
		{0E695480-8F95-41B6-A787-9DE4C79D832C}.Release|Any CPU.ActiveCfg = Release|Any CPU
		{0E695480-8F95-41B6-A787-9DE4C79D832C}.Release|Any CPU.Build.0 = Release|Any CPU
	EndGlobalSection
	GlobalSection(SolutionProperties) = preSolution
		HideSolutionNode = FALSE
	EndGlobalSection
	GlobalSection(ExtensibilityGlobals) = postSolution
		SolutionGuid = {74660662-AF36-420D-BE68-DB10425A16AD}
	EndGlobalSection
EndGlobal
